
Microsoft Visual Studio Solution File, Format Version 12.00
# Visual Studio 14
VisualStudioVersion = 14.0.25420.1
MinimumVisualStudioVersion = 10.0.40219.1
Project("{FAE04EC0-301F-11D3-BF4B-00C04F79EFBC}") = "EjemploFacebook.Droid", "EjemploFacebook\EjemploFacebook.Droid\EjemploFacebook.Droid.csproj", "{F3C29577-7ABE-46E8-8FC5-9DBF124E27EE}"
EndProject
Project("{FAE04EC0-301F-11D3-BF4B-00C04F79EFBC}") = "EjemploFacebook.iOS", "EjemploFacebook\EjemploFacebook.iOS\EjemploFacebook.iOS.csproj", "{C47DFFB0-1F9F-4405-94C1-9DC240E3EF0D}"
EndProject
Project("{FAE04EC0-301F-11D3-BF4B-00C04F79EFBC}") = "EjemploFacebook.WinPhone", "EjemploFacebook\EjemploFacebook.WinPhone\EjemploFacebook.WinPhone.csproj", "{889F3408-DFFF-4373-A242-830678F9DF50}"
EndProject
Project("{FAE04EC0-301F-11D3-BF4B-00C04F79EFBC}") = "EjemploFacebook.UWP", "EjemploFacebook\EjemploFacebook.UWP\EjemploFacebook.UWP.csproj", "{AE1FB9EC-86EC-45AD-B6A7-0AB7590A39F8}"
EndProject
Project("{FAE04EC0-301F-11D3-BF4B-00C04F79EFBC}") = "EjemploFacebook.Windows", "EjemploFacebook\EjemploFacebook.Windows\EjemploFacebook.Windows.csproj", "{E4FFB94A-1338-4B52-AF9E-41DF65B71E6B}"
EndProject
Project("{D954291E-2A0B-460D-934E-DC6B0785DB48}") = "EjemploFacebook", "EjemploFacebook\EjemploFacebook\EjemploFacebook.shproj", "{10BE04C1-B278-4B4D-B75F-771558E1F340}"
EndProject
Global
	GlobalSection(SharedMSBuildProjectFiles) = preSolution
		EjemploFacebook\EjemploFacebook\EjemploFacebook.projitems*{10be04c1-b278-4b4d-b75f-771558e1f340}*SharedItemsImports = 13
	EndGlobalSection
	GlobalSection(SolutionConfigurationPlatforms) = preSolution
		Ad-Hoc|Any CPU = Ad-Hoc|Any CPU
		Ad-Hoc|ARM = Ad-Hoc|ARM
		Ad-Hoc|iPhone = Ad-Hoc|iPhone
		Ad-Hoc|iPhoneSimulator = Ad-Hoc|iPhoneSimulator
		Ad-Hoc|x64 = Ad-Hoc|x64
		Ad-Hoc|x86 = Ad-Hoc|x86
		AppStore|Any CPU = AppStore|Any CPU
		AppStore|ARM = AppStore|ARM
		AppStore|iPhone = AppStore|iPhone
		AppStore|iPhoneSimulator = AppStore|iPhoneSimulator
		AppStore|x64 = AppStore|x64
		AppStore|x86 = AppStore|x86
		Debug|Any CPU = Debug|Any CPU
		Debug|ARM = Debug|ARM
		Debug|iPhone = Debug|iPhone
		Debug|iPhoneSimulator = Debug|iPhoneSimulator
		Debug|x64 = Debug|x64
		Debug|x86 = Debug|x86
		Release|Any CPU = Release|Any CPU
		Release|ARM = Release|ARM
		Release|iPhone = Release|iPhone
		Release|iPhoneSimulator = Release|iPhoneSimulator
		Release|x64 = Release|x64
		Release|x86 = Release|x86
	EndGlobalSection
	GlobalSection(ProjectConfigurationPlatforms) = postSolution
		{F3C29577-7ABE-46E8-8FC5-9DBF124E27EE}.Ad-Hoc|Any CPU.ActiveCfg = Release|Any CPU
		{F3C29577-7ABE-46E8-8FC5-9DBF124E27EE}.Ad-Hoc|Any CPU.Build.0 = Release|Any CPU
		{F3C29577-7ABE-46E8-8FC5-9DBF124E27EE}.Ad-Hoc|Any CPU.Deploy.0 = Release|Any CPU
		{F3C29577-7ABE-46E8-8FC5-9DBF124E27EE}.Ad-Hoc|ARM.ActiveCfg = Release|Any CPU
		{F3C29577-7ABE-46E8-8FC5-9DBF124E27EE}.Ad-Hoc|ARM.Build.0 = Release|Any CPU
		{F3C29577-7ABE-46E8-8FC5-9DBF124E27EE}.Ad-Hoc|ARM.Deploy.0 = Release|Any CPU
		{F3C29577-7ABE-46E8-8FC5-9DBF124E27EE}.Ad-Hoc|iPhone.ActiveCfg = Release|Any CPU
		{F3C29577-7ABE-46E8-8FC5-9DBF124E27EE}.Ad-Hoc|iPhone.Build.0 = Release|Any CPU
		{F3C29577-7ABE-46E8-8FC5-9DBF124E27EE}.Ad-Hoc|iPhone.Deploy.0 = Release|Any CPU
		{F3C29577-7ABE-46E8-8FC5-9DBF124E27EE}.Ad-Hoc|iPhoneSimulator.ActiveCfg = Release|Any CPU
		{F3C29577-7ABE-46E8-8FC5-9DBF124E27EE}.Ad-Hoc|iPhoneSimulator.Build.0 = Release|Any CPU
		{F3C29577-7ABE-46E8-8FC5-9DBF124E27EE}.Ad-Hoc|iPhoneSimulator.Deploy.0 = Release|Any CPU
		{F3C29577-7ABE-46E8-8FC5-9DBF124E27EE}.Ad-Hoc|x64.ActiveCfg = Release|Any CPU
		{F3C29577-7ABE-46E8-8FC5-9DBF124E27EE}.Ad-Hoc|x64.Build.0 = Release|Any CPU
		{F3C29577-7ABE-46E8-8FC5-9DBF124E27EE}.Ad-Hoc|x64.Deploy.0 = Release|Any CPU
		{F3C29577-7ABE-46E8-8FC5-9DBF124E27EE}.Ad-Hoc|x86.ActiveCfg = Release|Any CPU
		{F3C29577-7ABE-46E8-8FC5-9DBF124E27EE}.Ad-Hoc|x86.Build.0 = Release|Any CPU
		{F3C29577-7ABE-46E8-8FC5-9DBF124E27EE}.Ad-Hoc|x86.Deploy.0 = Release|Any CPU
		{F3C29577-7ABE-46E8-8FC5-9DBF124E27EE}.AppStore|Any CPU.ActiveCfg = Release|Any CPU
		{F3C29577-7ABE-46E8-8FC5-9DBF124E27EE}.AppStore|Any CPU.Build.0 = Release|Any CPU
		{F3C29577-7ABE-46E8-8FC5-9DBF124E27EE}.AppStore|Any CPU.Deploy.0 = Release|Any CPU
		{F3C29577-7ABE-46E8-8FC5-9DBF124E27EE}.AppStore|ARM.ActiveCfg = Release|Any CPU
		{F3C29577-7ABE-46E8-8FC5-9DBF124E27EE}.AppStore|ARM.Build.0 = Release|Any CPU
		{F3C29577-7ABE-46E8-8FC5-9DBF124E27EE}.AppStore|ARM.Deploy.0 = Release|Any CPU
		{F3C29577-7ABE-46E8-8FC5-9DBF124E27EE}.AppStore|iPhone.ActiveCfg = Release|Any CPU
		{F3C29577-7ABE-46E8-8FC5-9DBF124E27EE}.AppStore|iPhone.Build.0 = Release|Any CPU
		{F3C29577-7ABE-46E8-8FC5-9DBF124E27EE}.AppStore|iPhone.Deploy.0 = Release|Any CPU
		{F3C29577-7ABE-46E8-8FC5-9DBF124E27EE}.AppStore|iPhoneSimulator.ActiveCfg = Release|Any CPU
		{F3C29577-7ABE-46E8-8FC5-9DBF124E27EE}.AppStore|iPhoneSimulator.Build.0 = Release|Any CPU
		{F3C29577-7ABE-46E8-8FC5-9DBF124E27EE}.AppStore|iPhoneSimulator.Deploy.0 = Release|Any CPU
		{F3C29577-7ABE-46E8-8FC5-9DBF124E27EE}.AppStore|x64.ActiveCfg = Release|Any CPU
		{F3C29577-7ABE-46E8-8FC5-9DBF124E27EE}.AppStore|x64.Build.0 = Release|Any CPU
		{F3C29577-7ABE-46E8-8FC5-9DBF124E27EE}.AppStore|x64.Deploy.0 = Release|Any CPU
		{F3C29577-7ABE-46E8-8FC5-9DBF124E27EE}.AppStore|x86.ActiveCfg = Release|Any CPU
		{F3C29577-7ABE-46E8-8FC5-9DBF124E27EE}.AppStore|x86.Build.0 = Release|Any CPU
		{F3C29577-7ABE-46E8-8FC5-9DBF124E27EE}.AppStore|x86.Deploy.0 = Release|Any CPU
		{F3C29577-7ABE-46E8-8FC5-9DBF124E27EE}.Debug|Any CPU.ActiveCfg = Debug|Any CPU
		{F3C29577-7ABE-46E8-8FC5-9DBF124E27EE}.Debug|Any CPU.Build.0 = Debug|Any CPU
		{F3C29577-7ABE-46E8-8FC5-9DBF124E27EE}.Debug|Any CPU.Deploy.0 = Debug|Any CPU
		{F3C29577-7ABE-46E8-8FC5-9DBF124E27EE}.Debug|ARM.ActiveCfg = Debug|Any CPU
		{F3C29577-7ABE-46E8-8FC5-9DBF124E27EE}.Debug|ARM.Build.0 = Debug|Any CPU
		{F3C29577-7ABE-46E8-8FC5-9DBF124E27EE}.Debug|ARM.Deploy.0 = Debug|Any CPU
		{F3C29577-7ABE-46E8-8FC5-9DBF124E27EE}.Debug|iPhone.ActiveCfg = Debug|Any CPU
		{F3C29577-7ABE-46E8-8FC5-9DBF124E27EE}.Debug|iPhone.Build.0 = Debug|Any CPU
		{F3C29577-7ABE-46E8-8FC5-9DBF124E27EE}.Debug|iPhone.Deploy.0 = Debug|Any CPU
		{F3C29577-7ABE-46E8-8FC5-9DBF124E27EE}.Debug|iPhoneSimulator.ActiveCfg = Debug|Any CPU
		{F3C29577-7ABE-46E8-8FC5-9DBF124E27EE}.Debug|iPhoneSimulator.Build.0 = Debug|Any CPU
		{F3C29577-7ABE-46E8-8FC5-9DBF124E27EE}.Debug|iPhoneSimulator.Deploy.0 = Debug|Any CPU
		{F3C29577-7ABE-46E8-8FC5-9DBF124E27EE}.Debug|x64.ActiveCfg = Debug|Any CPU
		{F3C29577-7ABE-46E8-8FC5-9DBF124E27EE}.Debug|x64.Build.0 = Debug|Any CPU
		{F3C29577-7ABE-46E8-8FC5-9DBF124E27EE}.Debug|x64.Deploy.0 = Debug|Any CPU
		{F3C29577-7ABE-46E8-8FC5-9DBF124E27EE}.Debug|x86.ActiveCfg = Debug|Any CPU
		{F3C29577-7ABE-46E8-8FC5-9DBF124E27EE}.Debug|x86.Build.0 = Debug|Any CPU
		{F3C29577-7ABE-46E8-8FC5-9DBF124E27EE}.Debug|x86.Deploy.0 = Debug|Any CPU
		{F3C29577-7ABE-46E8-8FC5-9DBF124E27EE}.Release|Any CPU.ActiveCfg = Release|Any CPU
		{F3C29577-7ABE-46E8-8FC5-9DBF124E27EE}.Release|Any CPU.Build.0 = Release|Any CPU
		{F3C29577-7ABE-46E8-8FC5-9DBF124E27EE}.Release|Any CPU.Deploy.0 = Release|Any CPU
		{F3C29577-7ABE-46E8-8FC5-9DBF124E27EE}.Release|ARM.ActiveCfg = Release|Any CPU
		{F3C29577-7ABE-46E8-8FC5-9DBF124E27EE}.Release|ARM.Build.0 = Release|Any CPU
		{F3C29577-7ABE-46E8-8FC5-9DBF124E27EE}.Release|ARM.Deploy.0 = Release|Any CPU
		{F3C29577-7ABE-46E8-8FC5-9DBF124E27EE}.Release|iPhone.ActiveCfg = Release|Any CPU
		{F3C29577-7ABE-46E8-8FC5-9DBF124E27EE}.Release|iPhone.Build.0 = Release|Any CPU
		{F3C29577-7ABE-46E8-8FC5-9DBF124E27EE}.Release|iPhone.Deploy.0 = Release|Any CPU
		{F3C29577-7ABE-46E8-8FC5-9DBF124E27EE}.Release|iPhoneSimulator.ActiveCfg = Release|Any CPU
		{F3C29577-7ABE-46E8-8FC5-9DBF124E27EE}.Release|iPhoneSimulator.Build.0 = Release|Any CPU
		{F3C29577-7ABE-46E8-8FC5-9DBF124E27EE}.Release|iPhoneSimulator.Deploy.0 = Release|Any CPU
		{F3C29577-7ABE-46E8-8FC5-9DBF124E27EE}.Release|x64.ActiveCfg = Release|Any CPU
		{F3C29577-7ABE-46E8-8FC5-9DBF124E27EE}.Release|x64.Build.0 = Release|Any CPU
		{F3C29577-7ABE-46E8-8FC5-9DBF124E27EE}.Release|x64.Deploy.0 = Release|Any CPU
		{F3C29577-7ABE-46E8-8FC5-9DBF124E27EE}.Release|x86.ActiveCfg = Release|Any CPU
		{F3C29577-7ABE-46E8-8FC5-9DBF124E27EE}.Release|x86.Build.0 = Release|Any CPU
		{F3C29577-7ABE-46E8-8FC5-9DBF124E27EE}.Release|x86.Deploy.0 = Release|Any CPU
		{C47DFFB0-1F9F-4405-94C1-9DC240E3EF0D}.Ad-Hoc|Any CPU.ActiveCfg = Ad-Hoc|iPhone
		{C47DFFB0-1F9F-4405-94C1-9DC240E3EF0D}.Ad-Hoc|ARM.ActiveCfg = Ad-Hoc|iPhone
		{C47DFFB0-1F9F-4405-94C1-9DC240E3EF0D}.Ad-Hoc|iPhone.ActiveCfg = Ad-Hoc|iPhone
		{C47DFFB0-1F9F-4405-94C1-9DC240E3EF0D}.Ad-Hoc|iPhone.Build.0 = Ad-Hoc|iPhone
		{C47DFFB0-1F9F-4405-94C1-9DC240E3EF0D}.Ad-Hoc|iPhoneSimulator.ActiveCfg = Ad-Hoc|iPhoneSimulator
		{C47DFFB0-1F9F-4405-94C1-9DC240E3EF0D}.Ad-Hoc|iPhoneSimulator.Build.0 = Ad-Hoc|iPhoneSimulator
		{C47DFFB0-1F9F-4405-94C1-9DC240E3EF0D}.Ad-Hoc|x64.ActiveCfg = Ad-Hoc|iPhone
		{C47DFFB0-1F9F-4405-94C1-9DC240E3EF0D}.Ad-Hoc|x86.ActiveCfg = Ad-Hoc|iPhone
		{C47DFFB0-1F9F-4405-94C1-9DC240E3EF0D}.AppStore|Any CPU.ActiveCfg = AppStore|iPhone
		{C47DFFB0-1F9F-4405-94C1-9DC240E3EF0D}.AppStore|ARM.ActiveCfg = AppStore|iPhone
		{C47DFFB0-1F9F-4405-94C1-9DC240E3EF0D}.AppStore|iPhone.ActiveCfg = AppStore|iPhone
		{C47DFFB0-1F9F-4405-94C1-9DC240E3EF0D}.AppStore|iPhone.Build.0 = AppStore|iPhone
		{C47DFFB0-1F9F-4405-94C1-9DC240E3EF0D}.AppStore|iPhoneSimulator.ActiveCfg = AppStore|iPhoneSimulator
		{C47DFFB0-1F9F-4405-94C1-9DC240E3EF0D}.AppStore|iPhoneSimulator.Build.0 = AppStore|iPhoneSimulator
		{C47DFFB0-1F9F-4405-94C1-9DC240E3EF0D}.AppStore|x64.ActiveCfg = AppStore|iPhone
		{C47DFFB0-1F9F-4405-94C1-9DC240E3EF0D}.AppStore|x86.ActiveCfg = AppStore|iPhone
		{C47DFFB0-1F9F-4405-94C1-9DC240E3EF0D}.Debug|Any CPU.ActiveCfg = Debug|iPhone
		{C47DFFB0-1F9F-4405-94C1-9DC240E3EF0D}.Debug|ARM.ActiveCfg = Debug|iPhone
		{C47DFFB0-1F9F-4405-94C1-9DC240E3EF0D}.Debug|iPhone.ActiveCfg = Debug|iPhone
		{C47DFFB0-1F9F-4405-94C1-9DC240E3EF0D}.Debug|iPhone.Build.0 = Debug|iPhone
		{C47DFFB0-1F9F-4405-94C1-9DC240E3EF0D}.Debug|iPhoneSimulator.ActiveCfg = Debug|iPhoneSimulator
		{C47DFFB0-1F9F-4405-94C1-9DC240E3EF0D}.Debug|iPhoneSimulator.Build.0 = Debug|iPhoneSimulator
		{C47DFFB0-1F9F-4405-94C1-9DC240E3EF0D}.Debug|x64.ActiveCfg = Debug|iPhone
		{C47DFFB0-1F9F-4405-94C1-9DC240E3EF0D}.Debug|x86.ActiveCfg = Debug|iPhone
		{C47DFFB0-1F9F-4405-94C1-9DC240E3EF0D}.Release|Any CPU.ActiveCfg = Release|iPhone
		{C47DFFB0-1F9F-4405-94C1-9DC240E3EF0D}.Release|ARM.ActiveCfg = Release|iPhone
		{C47DFFB0-1F9F-4405-94C1-9DC240E3EF0D}.Release|iPhone.ActiveCfg = Release|iPhone
		{C47DFFB0-1F9F-4405-94C1-9DC240E3EF0D}.Release|iPhone.Build.0 = Release|iPhone
		{C47DFFB0-1F9F-4405-94C1-9DC240E3EF0D}.Release|iPhoneSimulator.ActiveCfg = Release|iPhoneSimulator
		{C47DFFB0-1F9F-4405-94C1-9DC240E3EF0D}.Release|iPhoneSimulator.Build.0 = Release|iPhoneSimulator
		{C47DFFB0-1F9F-4405-94C1-9DC240E3EF0D}.Release|x64.ActiveCfg = Release|iPhone
		{C47DFFB0-1F9F-4405-94C1-9DC240E3EF0D}.Release|x86.ActiveCfg = Release|iPhone
		{889F3408-DFFF-4373-A242-830678F9DF50}.Ad-Hoc|Any CPU.ActiveCfg = Release|Any CPU
		{889F3408-DFFF-4373-A242-830678F9DF50}.Ad-Hoc|Any CPU.Build.0 = Release|Any CPU
		{889F3408-DFFF-4373-A242-830678F9DF50}.Ad-Hoc|Any CPU.Deploy.0 = Release|Any CPU
		{889F3408-DFFF-4373-A242-830678F9DF50}.Ad-Hoc|ARM.ActiveCfg = Release|ARM
		{889F3408-DFFF-4373-A242-830678F9DF50}.Ad-Hoc|ARM.Build.0 = Release|ARM
		{889F3408-DFFF-4373-A242-830678F9DF50}.Ad-Hoc|ARM.Deploy.0 = Release|ARM
		{889F3408-DFFF-4373-A242-830678F9DF50}.Ad-Hoc|iPhone.ActiveCfg = Release|Any CPU
		{889F3408-DFFF-4373-A242-830678F9DF50}.Ad-Hoc|iPhone.Build.0 = Release|Any CPU
		{889F3408-DFFF-4373-A242-830678F9DF50}.Ad-Hoc|iPhone.Deploy.0 = Release|Any CPU
		{889F3408-DFFF-4373-A242-830678F9DF50}.Ad-Hoc|iPhoneSimulator.ActiveCfg = Release|Any CPU
		{889F3408-DFFF-4373-A242-830678F9DF50}.Ad-Hoc|iPhoneSimulator.Build.0 = Release|Any CPU
		{889F3408-DFFF-4373-A242-830678F9DF50}.Ad-Hoc|iPhoneSimulator.Deploy.0 = Release|Any CPU
		{889F3408-DFFF-4373-A242-830678F9DF50}.Ad-Hoc|x64.ActiveCfg = Release|Any CPU
		{889F3408-DFFF-4373-A242-830678F9DF50}.Ad-Hoc|x64.Build.0 = Release|Any CPU
		{889F3408-DFFF-4373-A242-830678F9DF50}.Ad-Hoc|x64.Deploy.0 = Release|Any CPU
		{889F3408-DFFF-4373-A242-830678F9DF50}.Ad-Hoc|x86.ActiveCfg = Release|x86
		{889F3408-DFFF-4373-A242-830678F9DF50}.Ad-Hoc|x86.Build.0 = Release|x86
		{889F3408-DFFF-4373-A242-830678F9DF50}.Ad-Hoc|x86.Deploy.0 = Release|x86
		{889F3408-DFFF-4373-A242-830678F9DF50}.AppStore|Any CPU.ActiveCfg = Release|Any CPU
		{889F3408-DFFF-4373-A242-830678F9DF50}.AppStore|Any CPU.Build.0 = Release|Any CPU
		{889F3408-DFFF-4373-A242-830678F9DF50}.AppStore|Any CPU.Deploy.0 = Release|Any CPU
		{889F3408-DFFF-4373-A242-830678F9DF50}.AppStore|ARM.ActiveCfg = Release|ARM
		{889F3408-DFFF-4373-A242-830678F9DF50}.AppStore|ARM.Build.0 = Release|ARM
		{889F3408-DFFF-4373-A242-830678F9DF50}.AppStore|ARM.Deploy.0 = Release|ARM
		{889F3408-DFFF-4373-A242-830678F9DF50}.AppStore|iPhone.ActiveCfg = Release|Any CPU
		{889F3408-DFFF-4373-A242-830678F9DF50}.AppStore|iPhone.Build.0 = Release|Any CPU
		{889F3408-DFFF-4373-A242-830678F9DF50}.AppStore|iPhone.Deploy.0 = Release|Any CPU
		{889F3408-DFFF-4373-A242-830678F9DF50}.AppStore|iPhoneSimulator.ActiveCfg = Release|Any CPU
		{889F3408-DFFF-4373-A242-830678F9DF50}.AppStore|iPhoneSimulator.Build.0 = Release|Any CPU
		{889F3408-DFFF-4373-A242-830678F9DF50}.AppStore|iPhoneSimulator.Deploy.0 = Release|Any CPU
		{889F3408-DFFF-4373-A242-830678F9DF50}.AppStore|x64.ActiveCfg = Release|Any CPU
		{889F3408-DFFF-4373-A242-830678F9DF50}.AppStore|x64.Build.0 = Release|Any CPU
		{889F3408-DFFF-4373-A242-830678F9DF50}.AppStore|x64.Deploy.0 = Release|Any CPU
		{889F3408-DFFF-4373-A242-830678F9DF50}.AppStore|x86.ActiveCfg = Release|x86
		{889F3408-DFFF-4373-A242-830678F9DF50}.AppStore|x86.Build.0 = Release|x86
		{889F3408-DFFF-4373-A242-830678F9DF50}.AppStore|x86.Deploy.0 = Release|x86
		{889F3408-DFFF-4373-A242-830678F9DF50}.Debug|Any CPU.ActiveCfg = Debug|Any CPU
		{889F3408-DFFF-4373-A242-830678F9DF50}.Debug|Any CPU.Build.0 = Debug|Any CPU
		{889F3408-DFFF-4373-A242-830678F9DF50}.Debug|Any CPU.Deploy.0 = Debug|Any CPU
		{889F3408-DFFF-4373-A242-830678F9DF50}.Debug|ARM.ActiveCfg = Debug|ARM
		{889F3408-DFFF-4373-A242-830678F9DF50}.Debug|ARM.Build.0 = Debug|ARM
		{889F3408-DFFF-4373-A242-830678F9DF50}.Debug|ARM.Deploy.0 = Debug|ARM
		{889F3408-DFFF-4373-A242-830678F9DF50}.Debug|iPhone.ActiveCfg = Debug|Any CPU
		{889F3408-DFFF-4373-A242-830678F9DF50}.Debug|iPhone.Build.0 = Debug|Any CPU
		{889F3408-DFFF-4373-A242-830678F9DF50}.Debug|iPhone.Deploy.0 = Debug|Any CPU
		{889F3408-DFFF-4373-A242-830678F9DF50}.Debug|iPhoneSimulator.ActiveCfg = Debug|Any CPU
		{889F3408-DFFF-4373-A242-830678F9DF50}.Debug|iPhoneSimulator.Build.0 = Debug|Any CPU
		{889F3408-DFFF-4373-A242-830678F9DF50}.Debug|iPhoneSimulator.Deploy.0 = Debug|Any CPU
		{889F3408-DFFF-4373-A242-830678F9DF50}.Debug|x64.ActiveCfg = Debug|Any CPU
		{889F3408-DFFF-4373-A242-830678F9DF50}.Debug|x64.Build.0 = Debug|Any CPU
		{889F3408-DFFF-4373-A242-830678F9DF50}.Debug|x64.Deploy.0 = Debug|Any CPU
		{889F3408-DFFF-4373-A242-830678F9DF50}.Debug|x86.ActiveCfg = Debug|x86
		{889F3408-DFFF-4373-A242-830678F9DF50}.Debug|x86.Build.0 = Debug|x86
		{889F3408-DFFF-4373-A242-830678F9DF50}.Debug|x86.Deploy.0 = Debug|x86
		{889F3408-DFFF-4373-A242-830678F9DF50}.Release|Any CPU.ActiveCfg = Release|Any CPU
		{889F3408-DFFF-4373-A242-830678F9DF50}.Release|Any CPU.Build.0 = Release|Any CPU
		{889F3408-DFFF-4373-A242-830678F9DF50}.Release|Any CPU.Deploy.0 = Release|Any CPU
		{889F3408-DFFF-4373-A242-830678F9DF50}.Release|ARM.ActiveCfg = Release|ARM
		{889F3408-DFFF-4373-A242-830678F9DF50}.Release|ARM.Build.0 = Release|ARM
		{889F3408-DFFF-4373-A242-830678F9DF50}.Release|ARM.Deploy.0 = Release|ARM
		{889F3408-DFFF-4373-A242-830678F9DF50}.Release|iPhone.ActiveCfg = Release|Any CPU
		{889F3408-DFFF-4373-A242-830678F9DF50}.Release|iPhone.Build.0 = Release|Any CPU
		{889F3408-DFFF-4373-A242-830678F9DF50}.Release|iPhone.Deploy.0 = Release|Any CPU
		{889F3408-DFFF-4373-A242-830678F9DF50}.Release|iPhoneSimulator.ActiveCfg = Release|Any CPU
		{889F3408-DFFF-4373-A242-830678F9DF50}.Release|iPhoneSimulator.Build.0 = Release|Any CPU
		{889F3408-DFFF-4373-A242-830678F9DF50}.Release|iPhoneSimulator.Deploy.0 = Release|Any CPU
		{889F3408-DFFF-4373-A242-830678F9DF50}.Release|x64.ActiveCfg = Release|Any CPU
		{889F3408-DFFF-4373-A242-830678F9DF50}.Release|x64.Build.0 = Release|Any CPU
		{889F3408-DFFF-4373-A242-830678F9DF50}.Release|x64.Deploy.0 = Release|Any CPU
		{889F3408-DFFF-4373-A242-830678F9DF50}.Release|x86.ActiveCfg = Release|x86
		{889F3408-DFFF-4373-A242-830678F9DF50}.Release|x86.Build.0 = Release|x86
		{889F3408-DFFF-4373-A242-830678F9DF50}.Release|x86.Deploy.0 = Release|x86
		{AE1FB9EC-86EC-45AD-B6A7-0AB7590A39F8}.Ad-Hoc|Any CPU.ActiveCfg = Release|x86
		{AE1FB9EC-86EC-45AD-B6A7-0AB7590A39F8}.Ad-Hoc|Any CPU.Build.0 = Release|x86
		{AE1FB9EC-86EC-45AD-B6A7-0AB7590A39F8}.Ad-Hoc|Any CPU.Deploy.0 = Release|x86
		{AE1FB9EC-86EC-45AD-B6A7-0AB7590A39F8}.Ad-Hoc|ARM.ActiveCfg = Release|ARM
		{AE1FB9EC-86EC-45AD-B6A7-0AB7590A39F8}.Ad-Hoc|ARM.Build.0 = Release|ARM
		{AE1FB9EC-86EC-45AD-B6A7-0AB7590A39F8}.Ad-Hoc|ARM.Deploy.0 = Release|ARM
		{AE1FB9EC-86EC-45AD-B6A7-0AB7590A39F8}.Ad-Hoc|iPhone.ActiveCfg = Release|x86
		{AE1FB9EC-86EC-45AD-B6A7-0AB7590A39F8}.Ad-Hoc|iPhone.Build.0 = Release|x86
		{AE1FB9EC-86EC-45AD-B6A7-0AB7590A39F8}.Ad-Hoc|iPhone.Deploy.0 = Release|x86
		{AE1FB9EC-86EC-45AD-B6A7-0AB7590A39F8}.Ad-Hoc|iPhoneSimulator.ActiveCfg = Release|x86
		{AE1FB9EC-86EC-45AD-B6A7-0AB7590A39F8}.Ad-Hoc|iPhoneSimulator.Build.0 = Release|x86
		{AE1FB9EC-86EC-45AD-B6A7-0AB7590A39F8}.Ad-Hoc|iPhoneSimulator.Deploy.0 = Release|x86
		{AE1FB9EC-86EC-45AD-B6A7-0AB7590A39F8}.Ad-Hoc|x64.ActiveCfg = Release|x64
		{AE1FB9EC-86EC-45AD-B6A7-0AB7590A39F8}.Ad-Hoc|x64.Build.0 = Release|x64
		{AE1FB9EC-86EC-45AD-B6A7-0AB7590A39F8}.Ad-Hoc|x64.Deploy.0 = Release|x64
		{AE1FB9EC-86EC-45AD-B6A7-0AB7590A39F8}.Ad-Hoc|x86.ActiveCfg = Release|x86
		{AE1FB9EC-86EC-45AD-B6A7-0AB7590A39F8}.Ad-Hoc|x86.Build.0 = Release|x86
		{AE1FB9EC-86EC-45AD-B6A7-0AB7590A39F8}.Ad-Hoc|x86.Deploy.0 = Release|x86
		{AE1FB9EC-86EC-45AD-B6A7-0AB7590A39F8}.AppStore|Any CPU.ActiveCfg = Release|x86
		{AE1FB9EC-86EC-45AD-B6A7-0AB7590A39F8}.AppStore|Any CPU.Build.0 = Release|x86
		{AE1FB9EC-86EC-45AD-B6A7-0AB7590A39F8}.AppStore|Any CPU.Deploy.0 = Release|x86
		{AE1FB9EC-86EC-45AD-B6A7-0AB7590A39F8}.AppStore|ARM.ActiveCfg = Release|ARM
		{AE1FB9EC-86EC-45AD-B6A7-0AB7590A39F8}.AppStore|ARM.Build.0 = Release|ARM
		{AE1FB9EC-86EC-45AD-B6A7-0AB7590A39F8}.AppStore|ARM.Deploy.0 = Release|ARM
		{AE1FB9EC-86EC-45AD-B6A7-0AB7590A39F8}.AppStore|iPhone.ActiveCfg = Release|x86
		{AE1FB9EC-86EC-45AD-B6A7-0AB7590A39F8}.AppStore|iPhone.Build.0 = Release|x86
		{AE1FB9EC-86EC-45AD-B6A7-0AB7590A39F8}.AppStore|iPhone.Deploy.0 = Release|x86
		{AE1FB9EC-86EC-45AD-B6A7-0AB7590A39F8}.AppStore|iPhoneSimulator.ActiveCfg = Release|x86
		{AE1FB9EC-86EC-45AD-B6A7-0AB7590A39F8}.AppStore|iPhoneSimulator.Build.0 = Release|x86
		{AE1FB9EC-86EC-45AD-B6A7-0AB7590A39F8}.AppStore|iPhoneSimulator.Deploy.0 = Release|x86
		{AE1FB9EC-86EC-45AD-B6A7-0AB7590A39F8}.AppStore|x64.ActiveCfg = Release|x64
		{AE1FB9EC-86EC-45AD-B6A7-0AB7590A39F8}.AppStore|x64.Build.0 = Release|x64
		{AE1FB9EC-86EC-45AD-B6A7-0AB7590A39F8}.AppStore|x64.Deploy.0 = Release|x64
		{AE1FB9EC-86EC-45AD-B6A7-0AB7590A39F8}.AppStore|x86.ActiveCfg = Release|x86
		{AE1FB9EC-86EC-45AD-B6A7-0AB7590A39F8}.AppStore|x86.Build.0 = Release|x86
		{AE1FB9EC-86EC-45AD-B6A7-0AB7590A39F8}.AppStore|x86.Deploy.0 = Release|x86
		{AE1FB9EC-86EC-45AD-B6A7-0AB7590A39F8}.Debug|Any CPU.ActiveCfg = Debug|x86
		{AE1FB9EC-86EC-45AD-B6A7-0AB7590A39F8}.Debug|ARM.ActiveCfg = Debug|ARM
		{AE1FB9EC-86EC-45AD-B6A7-0AB7590A39F8}.Debug|ARM.Build.0 = Debug|ARM
		{AE1FB9EC-86EC-45AD-B6A7-0AB7590A39F8}.Debug|ARM.Deploy.0 = Debug|ARM
		{AE1FB9EC-86EC-45AD-B6A7-0AB7590A39F8}.Debug|iPhone.ActiveCfg = Debug|x86
		{AE1FB9EC-86EC-45AD-B6A7-0AB7590A39F8}.Debug|iPhoneSimulator.ActiveCfg = Debug|x86
		{AE1FB9EC-86EC-45AD-B6A7-0AB7590A39F8}.Debug|x64.ActiveCfg = Debug|x64
		{AE1FB9EC-86EC-45AD-B6A7-0AB7590A39F8}.Debug|x64.Build.0 = Debug|x64
		{AE1FB9EC-86EC-45AD-B6A7-0AB7590A39F8}.Debug|x64.Deploy.0 = Debug|x64
		{AE1FB9EC-86EC-45AD-B6A7-0AB7590A39F8}.Debug|x86.ActiveCfg = Debug|x86
		{AE1FB9EC-86EC-45AD-B6A7-0AB7590A39F8}.Debug|x86.Build.0 = Debug|x86
		{AE1FB9EC-86EC-45AD-B6A7-0AB7590A39F8}.Debug|x86.Deploy.0 = Debug|x86
		{AE1FB9EC-86EC-45AD-B6A7-0AB7590A39F8}.Release|Any CPU.ActiveCfg = Release|x86
		{AE1FB9EC-86EC-45AD-B6A7-0AB7590A39F8}.Release|ARM.ActiveCfg = Release|ARM
		{AE1FB9EC-86EC-45AD-B6A7-0AB7590A39F8}.Release|ARM.Build.0 = Release|ARM
		{AE1FB9EC-86EC-45AD-B6A7-0AB7590A39F8}.Release|ARM.Deploy.0 = Release|ARM
		{AE1FB9EC-86EC-45AD-B6A7-0AB7590A39F8}.Release|iPhone.ActiveCfg = Release|x86
		{AE1FB9EC-86EC-45AD-B6A7-0AB7590A39F8}.Release|iPhoneSimulator.ActiveCfg = Release|x86
		{AE1FB9EC-86EC-45AD-B6A7-0AB7590A39F8}.Release|x64.ActiveCfg = Release|x64
		{AE1FB9EC-86EC-45AD-B6A7-0AB7590A39F8}.Release|x64.Build.0 = Release|x64
		{AE1FB9EC-86EC-45AD-B6A7-0AB7590A39F8}.Release|x64.Deploy.0 = Release|x64
		{AE1FB9EC-86EC-45AD-B6A7-0AB7590A39F8}.Release|x86.ActiveCfg = Release|x86
		{AE1FB9EC-86EC-45AD-B6A7-0AB7590A39F8}.Release|x86.Build.0 = Release|x86
		{AE1FB9EC-86EC-45AD-B6A7-0AB7590A39F8}.Release|x86.Deploy.0 = Release|x86
		{E4FFB94A-1338-4B52-AF9E-41DF65B71E6B}.Ad-Hoc|Any CPU.ActiveCfg = Release|Any CPU
		{E4FFB94A-1338-4B52-AF9E-41DF65B71E6B}.Ad-Hoc|Any CPU.Build.0 = Release|Any CPU
		{E4FFB94A-1338-4B52-AF9E-41DF65B71E6B}.Ad-Hoc|Any CPU.Deploy.0 = Release|Any CPU
		{E4FFB94A-1338-4B52-AF9E-41DF65B71E6B}.Ad-Hoc|ARM.ActiveCfg = Release|ARM
		{E4FFB94A-1338-4B52-AF9E-41DF65B71E6B}.Ad-Hoc|ARM.Build.0 = Release|ARM
		{E4FFB94A-1338-4B52-AF9E-41DF65B71E6B}.Ad-Hoc|ARM.Deploy.0 = Release|ARM
		{E4FFB94A-1338-4B52-AF9E-41DF65B71E6B}.Ad-Hoc|iPhone.ActiveCfg = Release|Any CPU
		{E4FFB94A-1338-4B52-AF9E-41DF65B71E6B}.Ad-Hoc|iPhone.Build.0 = Release|Any CPU
		{E4FFB94A-1338-4B52-AF9E-41DF65B71E6B}.Ad-Hoc|iPhone.Deploy.0 = Release|Any CPU
		{E4FFB94A-1338-4B52-AF9E-41DF65B71E6B}.Ad-Hoc|iPhoneSimulator.ActiveCfg = Release|Any CPU
		{E4FFB94A-1338-4B52-AF9E-41DF65B71E6B}.Ad-Hoc|iPhoneSimulator.Build.0 = Release|Any CPU
		{E4FFB94A-1338-4B52-AF9E-41DF65B71E6B}.Ad-Hoc|iPhoneSimulator.Deploy.0 = Release|Any CPU
		{E4FFB94A-1338-4B52-AF9E-41DF65B71E6B}.Ad-Hoc|x64.ActiveCfg = Release|x64
		{E4FFB94A-1338-4B52-AF9E-41DF65B71E6B}.Ad-Hoc|x64.Build.0 = Release|x64
		{E4FFB94A-1338-4B52-AF9E-41DF65B71E6B}.Ad-Hoc|x64.Deploy.0 = Release|x64
		{E4FFB94A-1338-4B52-AF9E-41DF65B71E6B}.Ad-Hoc|x86.ActiveCfg = Release|x86
		{E4FFB94A-1338-4B52-AF9E-41DF65B71E6B}.Ad-Hoc|x86.Build.0 = Release|x86
		{E4FFB94A-1338-4B52-AF9E-41DF65B71E6B}.Ad-Hoc|x86.Deploy.0 = Release|x86
		{E4FFB94A-1338-4B52-AF9E-41DF65B71E6B}.AppStore|Any CPU.ActiveCfg = Release|Any CPU
		{E4FFB94A-1338-4B52-AF9E-41DF65B71E6B}.AppStore|Any CPU.Build.0 = Release|Any CPU
		{E4FFB94A-1338-4B52-AF9E-41DF65B71E6B}.AppStore|Any CPU.Deploy.0 = Release|Any CPU
		{E4FFB94A-1338-4B52-AF9E-41DF65B71E6B}.AppStore|ARM.ActiveCfg = Release|ARM
		{E4FFB94A-1338-4B52-AF9E-41DF65B71E6B}.AppStore|ARM.Build.0 = Release|ARM
		{E4FFB94A-1338-4B52-AF9E-41DF65B71E6B}.AppStore|ARM.Deploy.0 = Release|ARM
		{E4FFB94A-1338-4B52-AF9E-41DF65B71E6B}.AppStore|iPhone.ActiveCfg = Release|Any CPU
		{E4FFB94A-1338-4B52-AF9E-41DF65B71E6B}.AppStore|iPhone.Build.0 = Release|Any CPU
		{E4FFB94A-1338-4B52-AF9E-41DF65B71E6B}.AppStore|iPhone.Deploy.0 = Release|Any CPU
		{E4FFB94A-1338-4B52-AF9E-41DF65B71E6B}.AppStore|iPhoneSimulator.ActiveCfg = Release|Any CPU
		{E4FFB94A-1338-4B52-AF9E-41DF65B71E6B}.AppStore|iPhoneSimulator.Build.0 = Release|Any CPU
		{E4FFB94A-1338-4B52-AF9E-41DF65B71E6B}.AppStore|iPhoneSimulator.Deploy.0 = Release|Any CPU
		{E4FFB94A-1338-4B52-AF9E-41DF65B71E6B}.AppStore|x64.ActiveCfg = Release|x64
		{E4FFB94A-1338-4B52-AF9E-41DF65B71E6B}.AppStore|x64.Build.0 = Release|x64
		{E4FFB94A-1338-4B52-AF9E-41DF65B71E6B}.AppStore|x64.Deploy.0 = Release|x64
		{E4FFB94A-1338-4B52-AF9E-41DF65B71E6B}.AppStore|x86.ActiveCfg = Release|x86
		{E4FFB94A-1338-4B52-AF9E-41DF65B71E6B}.AppStore|x86.Build.0 = Release|x86
		{E4FFB94A-1338-4B52-AF9E-41DF65B71E6B}.AppStore|x86.Deploy.0 = Release|x86
		{E4FFB94A-1338-4B52-AF9E-41DF65B71E6B}.Debug|Any CPU.ActiveCfg = Debug|Any CPU
		{E4FFB94A-1338-4B52-AF9E-41DF65B71E6B}.Debug|Any CPU.Build.0 = Debug|Any CPU
		{E4FFB94A-1338-4B52-AF9E-41DF65B71E6B}.Debug|Any CPU.Deploy.0 = Debug|Any CPU
		{E4FFB94A-1338-4B52-AF9E-41DF65B71E6B}.Debug|ARM.ActiveCfg = Debug|ARM
		{E4FFB94A-1338-4B52-AF9E-41DF65B71E6B}.Debug|ARM.Build.0 = Debug|ARM
		{E4FFB94A-1338-4B52-AF9E-41DF65B71E6B}.Debug|ARM.Deploy.0 = Debug|ARM
		{E4FFB94A-1338-4B52-AF9E-41DF65B71E6B}.Debug|iPhone.ActiveCfg = Debug|Any CPU
		{E4FFB94A-1338-4B52-AF9E-41DF65B71E6B}.Debug|iPhone.Build.0 = Debug|Any CPU
		{E4FFB94A-1338-4B52-AF9E-41DF65B71E6B}.Debug|iPhone.Deploy.0 = Debug|Any CPU
		{E4FFB94A-1338-4B52-AF9E-41DF65B71E6B}.Debug|iPhoneSimulator.ActiveCfg = Debug|Any CPU
		{E4FFB94A-1338-4B52-AF9E-41DF65B71E6B}.Debug|iPhoneSimulator.Build.0 = Debug|Any CPU
		{E4FFB94A-1338-4B52-AF9E-41DF65B71E6B}.Debug|iPhoneSimulator.Deploy.0 = Debug|Any CPU
		{E4FFB94A-1338-4B52-AF9E-41DF65B71E6B}.Debug|x64.ActiveCfg = Debug|x64
		{E4FFB94A-1338-4B52-AF9E-41DF65B71E6B}.Debug|x64.Build.0 = Debug|x64
		{E4FFB94A-1338-4B52-AF9E-41DF65B71E6B}.Debug|x64.Deploy.0 = Debug|x64
		{E4FFB94A-1338-4B52-AF9E-41DF65B71E6B}.Debug|x86.ActiveCfg = Debug|x86
		{E4FFB94A-1338-4B52-AF9E-41DF65B71E6B}.Debug|x86.Build.0 = Debug|x86
		{E4FFB94A-1338-4B52-AF9E-41DF65B71E6B}.Debug|x86.Deploy.0 = Debug|x86
		{E4FFB94A-1338-4B52-AF9E-41DF65B71E6B}.Release|Any CPU.ActiveCfg = Release|Any CPU
		{E4FFB94A-1338-4B52-AF9E-41DF65B71E6B}.Release|Any CPU.Build.0 = Release|Any CPU
		{E4FFB94A-1338-4B52-AF9E-41DF65B71E6B}.Release|Any CPU.Deploy.0 = Release|Any CPU
		{E4FFB94A-1338-4B52-AF9E-41DF65B71E6B}.Release|ARM.ActiveCfg = Release|ARM
		{E4FFB94A-1338-4B52-AF9E-41DF65B71E6B}.Release|ARM.Build.0 = Release|ARM
		{E4FFB94A-1338-4B52-AF9E-41DF65B71E6B}.Release|ARM.Deploy.0 = Release|ARM
		{E4FFB94A-1338-4B52-AF9E-41DF65B71E6B}.Release|iPhone.ActiveCfg = Release|Any CPU
		{E4FFB94A-1338-4B52-AF9E-41DF65B71E6B}.Release|iPhone.Build.0 = Release|Any CPU
		{E4FFB94A-1338-4B52-AF9E-41DF65B71E6B}.Release|iPhone.Deploy.0 = Release|Any CPU
		{E4FFB94A-1338-4B52-AF9E-41DF65B71E6B}.Release|iPhoneSimulator.ActiveCfg = Release|Any CPU
		{E4FFB94A-1338-4B52-AF9E-41DF65B71E6B}.Release|iPhoneSimulator.Build.0 = Release|Any CPU
		{E4FFB94A-1338-4B52-AF9E-41DF65B71E6B}.Release|iPhoneSimulator.Deploy.0 = Release|Any CPU
		{E4FFB94A-1338-4B52-AF9E-41DF65B71E6B}.Release|x64.ActiveCfg = Release|x64
		{E4FFB94A-1338-4B52-AF9E-41DF65B71E6B}.Release|x64.Build.0 = Release|x64
		{E4FFB94A-1338-4B52-AF9E-41DF65B71E6B}.Release|x64.Deploy.0 = Release|x64
		{E4FFB94A-1338-4B52-AF9E-41DF65B71E6B}.Release|x86.ActiveCfg = Release|x86
		{E4FFB94A-1338-4B52-AF9E-41DF65B71E6B}.Release|x86.Build.0 = Release|x86
		{E4FFB94A-1338-4B52-AF9E-41DF65B71E6B}.Release|x86.Deploy.0 = Release|x86
	EndGlobalSection
	GlobalSection(SolutionProperties) = preSolution
		HideSolutionNode = FALSE
	EndGlobalSection
EndGlobal
